
Microsoft Visual Studio Solution File, Format Version 12.00
# Visual Studio 15
VisualStudioVersion = 15.0.27130.2010
MinimumVisualStudioVersion = 10.0.40219.1
Project("{FAE04EC0-301F-11D3-BF4B-00C04F79EFBC}") = "w9example3", "w9example3\w9example3.csproj", "{19C25DEF-0A60-4FF9-BB28-3AEA1E033B90}"
EndProject
Global
	GlobalSection(SolutionConfigurationPlatforms) = preSolution
		Debug|Any CPU = Debug|Any CPU
		Release|Any CPU = Release|Any CPU
	EndGlobalSection
	GlobalSection(ProjectConfigurationPlatforms) = postSolution
		{19C25DEF-0A60-4FF9-BB28-3AEA1E033B90}.Debug|Any CPU.ActiveCfg = Debug|Any CPU
		{19C25DEF-0A60-4FF9-BB28-3AEA1E033B90}.Debug|Any CPU.Build.0 = Debug|Any CPU
		{19C25DEF-0A60-4FF9-BB28-3AEA1E033B90}.Release|Any CPU.ActiveCfg = Release|Any CPU
		{19C25DEF-0A60-4FF9-BB28-3AEA1E033B90}.Release|Any CPU.Build.0 = Release|Any CPU
	EndGlobalSection
	GlobalSection(SolutionProperties) = preSolution
		HideSolutionNode = FALSE
	EndGlobalSection
	GlobalSection(ExtensibilityGlobals) = postSolution
		SolutionGuid = {C3922509-11DA-4C4C-AE20-525E0BDF33AD}
	EndGlobalSection
EndGlobal
