
Microsoft Visual Studio Solution File, Format Version 12.00
# Visual Studio 15
VisualStudioVersion = 15.0.27130.2010
MinimumVisualStudioVersion = 10.0.40219.1
Project("{FAE04EC0-301F-11D3-BF4B-00C04F79EFBC}") = "problem4", "problem4\problem4.csproj", "{1E9E615C-D592-43B2-8858-40AB2CE268F0}"
EndProject
Global
	GlobalSection(SolutionConfigurationPlatforms) = preSolution
		Debug|Any CPU = Debug|Any CPU
		Release|Any CPU = Release|Any CPU
	EndGlobalSection
	GlobalSection(ProjectConfigurationPlatforms) = postSolution
		{1E9E615C-D592-43B2-8858-40AB2CE268F0}.Debug|Any CPU.ActiveCfg = Debug|Any CPU
		{1E9E615C-D592-43B2-8858-40AB2CE268F0}.Debug|Any CPU.Build.0 = Debug|Any CPU
		{1E9E615C-D592-43B2-8858-40AB2CE268F0}.Release|Any CPU.ActiveCfg = Release|Any CPU
		{1E9E615C-D592-43B2-8858-40AB2CE268F0}.Release|Any CPU.Build.0 = Release|Any CPU
	EndGlobalSection
	GlobalSection(SolutionProperties) = preSolution
		HideSolutionNode = FALSE
	EndGlobalSection
	GlobalSection(ExtensibilityGlobals) = postSolution
		SolutionGuid = {46F26651-DAAE-4EF6-BDB5-58CC9D46082E}
	EndGlobalSection
EndGlobal
