
Microsoft Visual Studio Solution File, Format Version 12.00
# Visual Studio 15
VisualStudioVersion = 15.0.27130.2010
MinimumVisualStudioVersion = 10.0.40219.1
Project("{FAE04EC0-301F-11D3-BF4B-00C04F79EFBC}") = "proooblem", "proooblem\proooblem.csproj", "{BDE7A1AF-3FF5-4628-BA4D-CA2D6492B1E9}"
EndProject
Project("{FAE04EC0-301F-11D3-BF4B-00C04F79EFBC}") = "map", "map\map.csproj", "{5791F969-A915-43EF-B7F7-62043605524B}"
EndProject
Project("{FAE04EC0-301F-11D3-BF4B-00C04F79EFBC}") = "chetnoe", "chetnoe\chetnoe.csproj", "{7B23F948-5340-4DDE-8839-0E3B36553124}"
EndProject
Global
	GlobalSection(SolutionConfigurationPlatforms) = preSolution
		Debug|Any CPU = Debug|Any CPU
		Release|Any CPU = Release|Any CPU
	EndGlobalSection
	GlobalSection(ProjectConfigurationPlatforms) = postSolution
		{BDE7A1AF-3FF5-4628-BA4D-CA2D6492B1E9}.Debug|Any CPU.ActiveCfg = Debug|Any CPU
		{BDE7A1AF-3FF5-4628-BA4D-CA2D6492B1E9}.Debug|Any CPU.Build.0 = Debug|Any CPU
		{BDE7A1AF-3FF5-4628-BA4D-CA2D6492B1E9}.Release|Any CPU.ActiveCfg = Release|Any CPU
		{BDE7A1AF-3FF5-4628-BA4D-CA2D6492B1E9}.Release|Any CPU.Build.0 = Release|Any CPU
		{5791F969-A915-43EF-B7F7-62043605524B}.Debug|Any CPU.ActiveCfg = Debug|Any CPU
		{5791F969-A915-43EF-B7F7-62043605524B}.Debug|Any CPU.Build.0 = Debug|Any CPU
		{5791F969-A915-43EF-B7F7-62043605524B}.Release|Any CPU.ActiveCfg = Release|Any CPU
		{5791F969-A915-43EF-B7F7-62043605524B}.Release|Any CPU.Build.0 = Release|Any CPU
		{7B23F948-5340-4DDE-8839-0E3B36553124}.Debug|Any CPU.ActiveCfg = Debug|Any CPU
		{7B23F948-5340-4DDE-8839-0E3B36553124}.Debug|Any CPU.Build.0 = Debug|Any CPU
		{7B23F948-5340-4DDE-8839-0E3B36553124}.Release|Any CPU.ActiveCfg = Release|Any CPU
		{7B23F948-5340-4DDE-8839-0E3B36553124}.Release|Any CPU.Build.0 = Release|Any CPU
	EndGlobalSection
	GlobalSection(SolutionProperties) = preSolution
		HideSolutionNode = FALSE
	EndGlobalSection
	GlobalSection(ExtensibilityGlobals) = postSolution
		SolutionGuid = {90D34001-B4C7-43DC-92D1-60B1DD3A773A}
	EndGlobalSection
EndGlobal
