
Microsoft Visual Studio Solution File, Format Version 12.00
# Visual Studio 15
VisualStudioVersion = 15.0.27130.2010
MinimumVisualStudioVersion = 10.0.40219.1
Project("{FAE04EC0-301F-11D3-BF4B-00C04F79EFBC}") = "prob1", "prob1\prob1.csproj", "{8A0C00B5-7D9F-4A99-965D-63C233FDECC8}"
EndProject
Global
	GlobalSection(SolutionConfigurationPlatforms) = preSolution
		Debug|Any CPU = Debug|Any CPU
		Release|Any CPU = Release|Any CPU
	EndGlobalSection
	GlobalSection(ProjectConfigurationPlatforms) = postSolution
		{8A0C00B5-7D9F-4A99-965D-63C233FDECC8}.Debug|Any CPU.ActiveCfg = Debug|Any CPU
		{8A0C00B5-7D9F-4A99-965D-63C233FDECC8}.Debug|Any CPU.Build.0 = Debug|Any CPU
		{8A0C00B5-7D9F-4A99-965D-63C233FDECC8}.Release|Any CPU.ActiveCfg = Release|Any CPU
		{8A0C00B5-7D9F-4A99-965D-63C233FDECC8}.Release|Any CPU.Build.0 = Release|Any CPU
	EndGlobalSection
	GlobalSection(SolutionProperties) = preSolution
		HideSolutionNode = FALSE
	EndGlobalSection
	GlobalSection(ExtensibilityGlobals) = postSolution
		SolutionGuid = {AA26B2FA-D03D-4229-997A-5CCB4407C0EE}
	EndGlobalSection
EndGlobal
