
Microsoft Visual Studio Solution File, Format Version 12.00
# Visual Studio 15
VisualStudioVersion = 15.0.27130.2010
MinimumVisualStudioVersion = 10.0.40219.1
Project("{FAE04EC0-301F-11D3-BF4B-00C04F79EFBC}") = "Paint", "Paint\Paint.csproj", "{3280CDFD-6DF3-4432-B0E5-993E5F756682}"
EndProject
Global
	GlobalSection(SolutionConfigurationPlatforms) = preSolution
		Debug|Any CPU = Debug|Any CPU
		Release|Any CPU = Release|Any CPU
	EndGlobalSection
	GlobalSection(ProjectConfigurationPlatforms) = postSolution
		{3280CDFD-6DF3-4432-B0E5-993E5F756682}.Debug|Any CPU.ActiveCfg = Debug|Any CPU
		{3280CDFD-6DF3-4432-B0E5-993E5F756682}.Debug|Any CPU.Build.0 = Debug|Any CPU
		{3280CDFD-6DF3-4432-B0E5-993E5F756682}.Release|Any CPU.ActiveCfg = Release|Any CPU
		{3280CDFD-6DF3-4432-B0E5-993E5F756682}.Release|Any CPU.Build.0 = Release|Any CPU
	EndGlobalSection
	GlobalSection(SolutionProperties) = preSolution
		HideSolutionNode = FALSE
	EndGlobalSection
	GlobalSection(ExtensibilityGlobals) = postSolution
		SolutionGuid = {E7613845-2ADC-44E2-B234-8EC133BA3D65}
	EndGlobalSection
EndGlobal
