
Microsoft Visual Studio Solution File, Format Version 12.00
# Visual Studio 15
VisualStudioVersion = 15.0.27130.2010
MinimumVisualStudioVersion = 10.0.40219.1
Project("{FAE04EC0-301F-11D3-BF4B-00C04F79EFBC}") = "naruto2", "naruto2\naruto2.csproj", "{FAFCFECE-EED9-46A5-9829-52DDA7A39EED}"
EndProject
Global
	GlobalSection(SolutionConfigurationPlatforms) = preSolution
		Debug|Any CPU = Debug|Any CPU
		Release|Any CPU = Release|Any CPU
	EndGlobalSection
	GlobalSection(ProjectConfigurationPlatforms) = postSolution
		{FAFCFECE-EED9-46A5-9829-52DDA7A39EED}.Debug|Any CPU.ActiveCfg = Debug|Any CPU
		{FAFCFECE-EED9-46A5-9829-52DDA7A39EED}.Debug|Any CPU.Build.0 = Debug|Any CPU
		{FAFCFECE-EED9-46A5-9829-52DDA7A39EED}.Release|Any CPU.ActiveCfg = Release|Any CPU
		{FAFCFECE-EED9-46A5-9829-52DDA7A39EED}.Release|Any CPU.Build.0 = Release|Any CPU
	EndGlobalSection
	GlobalSection(SolutionProperties) = preSolution
		HideSolutionNode = FALSE
	EndGlobalSection
	GlobalSection(ExtensibilityGlobals) = postSolution
		SolutionGuid = {08EA9087-3964-49AE-9FCA-D14AED0358D7}
	EndGlobalSection
EndGlobal
