
Microsoft Visual Studio Solution File, Format Version 12.00
# Visual Studio 15
VisualStudioVersion = 15.0.27130.2010
MinimumVisualStudioVersion = 10.0.40219.1
Project("{FAE04EC0-301F-11D3-BF4B-00C04F79EFBC}") = "probelm10", "probelm10\probelm10.csproj", "{00523409-FDCA-4AC1-918F-F7B955F00088}"
EndProject
Global
	GlobalSection(SolutionConfigurationPlatforms) = preSolution
		Debug|Any CPU = Debug|Any CPU
		Release|Any CPU = Release|Any CPU
	EndGlobalSection
	GlobalSection(ProjectConfigurationPlatforms) = postSolution
		{00523409-FDCA-4AC1-918F-F7B955F00088}.Debug|Any CPU.ActiveCfg = Debug|Any CPU
		{00523409-FDCA-4AC1-918F-F7B955F00088}.Debug|Any CPU.Build.0 = Debug|Any CPU
		{00523409-FDCA-4AC1-918F-F7B955F00088}.Release|Any CPU.ActiveCfg = Release|Any CPU
		{00523409-FDCA-4AC1-918F-F7B955F00088}.Release|Any CPU.Build.0 = Release|Any CPU
	EndGlobalSection
	GlobalSection(SolutionProperties) = preSolution
		HideSolutionNode = FALSE
	EndGlobalSection
	GlobalSection(ExtensibilityGlobals) = postSolution
		SolutionGuid = {FA686589-EFB4-4F2C-ACDA-8B9745C21397}
	EndGlobalSection
EndGlobal
